// !$*UTF8*$!
{
	archiveVersion = 1;
	classes = {
	};
	objectVersion = 50;
	objects = {

/* Begin PBXBuildFile section */
		04281BDE285C2BF400301749 /* AppDelegate.swift in Sources */ = {isa = PBXBuildFile; fileRef = 04281BDD285C2BF400301749 /* AppDelegate.swift */; };
		04281BE0285C2BF400301749 /* SceneDelegate.swift in Sources */ = {isa = PBXBuildFile; fileRef = 04281BDF285C2BF400301749 /* SceneDelegate.swift */; };
		04281BE2285C2BF400301749 /* ViewController.swift in Sources */ = {isa = PBXBuildFile; fileRef = 04281BE1285C2BF400301749 /* ViewController.swift */; };
		04281BE5285C2BF400301749 /* Main.storyboard in Resources */ = {isa = PBXBuildFile; fileRef = 04281BE3285C2BF400301749 /* Main.storyboard */; };
		04281BE7285C2BF800301749 /* Assets.xcassets in Resources */ = {isa = PBXBuildFile; fileRef = 04281BE6285C2BF800301749 /* Assets.xcassets */; };
		04281BEA285C2BF800301749 /* LaunchScreen.storyboard in Resources */ = {isa = PBXBuildFile; fileRef = 04281BE8285C2BF800301749 /* LaunchScreen.storyboard */; };
		04281BF5285C2BF900301749 /* __DemoShadowTests.swift in Sources */ = {isa = PBXBuildFile; fileRef = 04281BF4285C2BF900301749 /* __DemoShadowTests.swift */; };
		04281C00285C2BF900301749 /* __DemoShadowUITests.swift in Sources */ = {isa = PBXBuildFile; fileRef = 04281BFF285C2BF900301749 /* __DemoShadowUITests.swift */; };
/* End PBXBuildFile section */

/* Begin PBXContainerItemProxy section */
		04281BF1285C2BF900301749 /* PBXContainerItemProxy */ = {
			isa = PBXContainerItemProxy;
			containerPortal = 04281BD2285C2BF400301749 /* Project object */;
			proxyType = 1;
			remoteGlobalIDString = 04281BD9285C2BF400301749;
			remoteInfo = 2.DemoShadow;
		};
		04281BFC285C2BF900301749 /* PBXContainerItemProxy */ = {
			isa = PBXContainerItemProxy;
			containerPortal = 04281BD2285C2BF400301749 /* Project object */;
			proxyType = 1;
			remoteGlobalIDString = 04281BD9285C2BF400301749;
			remoteInfo = 2.DemoShadow;
		};
/* End PBXContainerItemProxy section */

/* Begin PBXFileReference section */
		04281BDA285C2BF400301749 /* 2.DemoShadow.app */ = {isa = PBXFileReference; explicitFileType = wrapper.application; includeInIndex = 0; path = 2.DemoShadow.app; sourceTree = BUILT_PRODUCTS_DIR; };
		04281BDD285C2BF400301749 /* AppDelegate.swift */ = {isa = PBXFileReference; lastKnownFileType = sourcecode.swift; path = AppDelegate.swift; sourceTree = "<group>"; };
		04281BDF285C2BF400301749 /* SceneDelegate.swift */ = {isa = PBXFileReference; lastKnownFileType = sourcecode.swift; path = SceneDelegate.swift; sourceTree = "<group>"; };
		04281BE1285C2BF400301749 /* ViewController.swift */ = {isa = PBXFileReference; lastKnownFileType = sourcecode.swift; path = ViewController.swift; sourceTree = "<group>"; };
		04281BE4285C2BF400301749 /* Base */ = {isa = PBXFileReference; lastKnownFileType = file.storyboard; name = Base; path = Base.lproj/Main.storyboard; sourceTree = "<group>"; };
		04281BE6285C2BF800301749 /* Assets.xcassets */ = {isa = PBXFileReference; lastKnownFileType = folder.assetcatalog; path = Assets.xcassets; sourceTree = "<group>"; };
		04281BE9285C2BF800301749 /* Base */ = {isa = PBXFileReference; lastKnownFileType = file.storyboard; name = Base; path = Base.lproj/LaunchScreen.storyboard; sourceTree = "<group>"; };
		04281BEB285C2BF800301749 /* Info.plist */ = {isa = PBXFileReference; lastKnownFileType = text.plist.xml; path = Info.plist; sourceTree = "<group>"; };
		04281BF0285C2BF900301749 /* 2.DemoShadowTests.xctest */ = {isa = PBXFileReference; explicitFileType = wrapper.cfbundle; includeInIndex = 0; path = 2.DemoShadowTests.xctest; sourceTree = BUILT_PRODUCTS_DIR; };
		04281BF4285C2BF900301749 /* __DemoShadowTests.swift */ = {isa = PBXFileReference; lastKnownFileType = sourcecode.swift; path = __DemoShadowTests.swift; sourceTree = "<group>"; };
		04281BF6285C2BF900301749 /* Info.plist */ = {isa = PBXFileReference; lastKnownFileType = text.plist.xml; path = Info.plist; sourceTree = "<group>"; };
		04281BFB285C2BF900301749 /* 2.DemoShadowUITests.xctest */ = {isa = PBXFileReference; explicitFileType = wrapper.cfbundle; includeInIndex = 0; path = 2.DemoShadowUITests.xctest; sourceTree = BUILT_PRODUCTS_DIR; };
		04281BFF285C2BF900301749 /* __DemoShadowUITests.swift */ = {isa = PBXFileReference; lastKnownFileType = sourcecode.swift; path = __DemoShadowUITests.swift; sourceTree = "<group>"; };
		04281C01285C2BF900301749 /* Info.plist */ = {isa = PBXFileReference; lastKnownFileType = text.plist.xml; path = Info.plist; sourceTree = "<group>"; };
/* End PBXFileReference section */

/* Begin PBXFrameworksBuildPhase section */
		04281BD7285C2BF400301749 /* Frameworks */ = {
			isa = PBXFrameworksBuildPhase;
			buildActionMask = 2147483647;
			files = (
			);
			runOnlyForDeploymentPostprocessing = 0;
		};
		04281BED285C2BF900301749 /* Frameworks */ = {
			isa = PBXFrameworksBuildPhase;
			buildActionMask = 2147483647;
			files = (
			);
			runOnlyForDeploymentPostprocessing = 0;
		};
		04281BF8285C2BF900301749 /* Frameworks */ = {
			isa = PBXFrameworksBuildPhase;
			buildActionMask = 2147483647;
			files = (
			);
			runOnlyForDeploymentPostprocessing = 0;
		};
/* End PBXFrameworksBuildPhase section */

/* Begin PBXGroup section */
		04281BD1285C2BF400301749 = {
			isa = PBXGroup;
			children = (
				04281BDC285C2BF400301749 /* 2.DemoShadow */,
				04281BF3285C2BF900301749 /* 2.DemoShadowTests */,
				04281BFE285C2BF900301749 /* 2.DemoShadowUITests */,
				04281BDB285C2BF400301749 /* Products */,
			);
			sourceTree = "<group>";
		};
		04281BDB285C2BF400301749 /* Products */ = {
			isa = PBXGroup;
			children = (
				04281BDA285C2BF400301749 /* 2.DemoShadow.app */,
				04281BF0285C2BF900301749 /* 2.DemoShadowTests.xctest */,
				04281BFB285C2BF900301749 /* 2.DemoShadowUITests.xctest */,
			);
			name = Products;
			sourceTree = "<group>";
		};
		04281BDC285C2BF400301749 /* 2.DemoShadow */ = {
			isa = PBXGroup;
			children = (
				04281BDD285C2BF400301749 /* AppDelegate.swift */,
				04281BDF285C2BF400301749 /* SceneDelegate.swift */,
				04281BE1285C2BF400301749 /* ViewController.swift */,
				04281BE3285C2BF400301749 /* Main.storyboard */,
				04281BE6285C2BF800301749 /* Assets.xcassets */,
				04281BE8285C2BF800301749 /* LaunchScreen.storyboard */,
				04281BEB285C2BF800301749 /* Info.plist */,
			);
			path = 2.DemoShadow;
			sourceTree = "<group>";
		};
		04281BF3285C2BF900301749 /* 2.DemoShadowTests */ = {
			isa = PBXGroup;
			children = (
				04281BF4285C2BF900301749 /* __DemoShadowTests.swift */,
				04281BF6285C2BF900301749 /* Info.plist */,
			);
			path = 2.DemoShadowTests;
			sourceTree = "<group>";
		};
		04281BFE285C2BF900301749 /* 2.DemoShadowUITests */ = {
			isa = PBXGroup;
			children = (
				04281BFF285C2BF900301749 /* __DemoShadowUITests.swift */,
				04281C01285C2BF900301749 /* Info.plist */,
			);
			path = 2.DemoShadowUITests;
			sourceTree = "<group>";
		};
/* End PBXGroup section */

/* Begin PBXNativeTarget section */
		04281BD9285C2BF400301749 /* 2.DemoShadow */ = {
			isa = PBXNativeTarget;
			buildConfigurationList = 04281C04285C2BF900301749 /* Build configuration list for PBXNativeTarget "2.DemoShadow" */;
			buildPhases = (
				04281BD6285C2BF400301749 /* Sources */,
				04281BD7285C2BF400301749 /* Frameworks */,
				04281BD8285C2BF400301749 /* Resources */,
			);
			buildRules = (
			);
			dependencies = (
			);
			name = 2.DemoShadow;
			productName = 2.DemoShadow;
			productReference = 04281BDA285C2BF400301749 /* 2.DemoShadow.app */;
			productType = "com.apple.product-type.application";
		};
		04281BEF285C2BF900301749 /* 2.DemoShadowTests */ = {
			isa = PBXNativeTarget;
			buildConfigurationList = 04281C07285C2BF900301749 /* Build configuration list for PBXNativeTarget "2.DemoShadowTests" */;
			buildPhases = (
				04281BEC285C2BF900301749 /* Sources */,
				04281BED285C2BF900301749 /* Frameworks */,
				04281BEE285C2BF900301749 /* Resources */,
			);
			buildRules = (
			);
			dependencies = (
				04281BF2285C2BF900301749 /* PBXTargetDependency */,
			);
			name = 2.DemoShadowTests;
			productName = 2.DemoShadowTests;
			productReference = 04281BF0285C2BF900301749 /* 2.DemoShadowTests.xctest */;
			productType = "com.apple.product-type.bundle.unit-test";
		};
		04281BFA285C2BF900301749 /* 2.DemoShadowUITests */ = {
			isa = PBXNativeTarget;
			buildConfigurationList = 04281C0A285C2BF900301749 /* Build configuration list for PBXNativeTarget "2.DemoShadowUITests" */;
			buildPhases = (
				04281BF7285C2BF900301749 /* Sources */,
				04281BF8285C2BF900301749 /* Frameworks */,
				04281BF9285C2BF900301749 /* Resources */,
			);
			buildRules = (
			);
			dependencies = (
				04281BFD285C2BF900301749 /* PBXTargetDependency */,
			);
			name = 2.DemoShadowUITests;
			productName = 2.DemoShadowUITests;
			productReference = 04281BFB285C2BF900301749 /* 2.DemoShadowUITests.xctest */;
			productType = "com.apple.product-type.bundle.ui-testing";
		};
/* End PBXNativeTarget section */

/* Begin PBXProject section */
		04281BD2285C2BF400301749 /* Project object */ = {
			isa = PBXProject;
			attributes = {
				LastSwiftUpdateCheck = 1240;
				LastUpgradeCheck = 1240;
				TargetAttributes = {
					04281BD9285C2BF400301749 = {
						CreatedOnToolsVersion = 12.4;
					};
					04281BEF285C2BF900301749 = {
						CreatedOnToolsVersion = 12.4;
						TestTargetID = 04281BD9285C2BF400301749;
					};
					04281BFA285C2BF900301749 = {
						CreatedOnToolsVersion = 12.4;
						TestTargetID = 04281BD9285C2BF400301749;
					};
				};
			};
			buildConfigurationList = 04281BD5285C2BF400301749 /* Build configuration list for PBXProject "2.DemoShadow" */;
			compatibilityVersion = "Xcode 9.3";
			developmentRegion = en;
			hasScannedForEncodings = 0;
			knownRegions = (
				en,
				Base,
			);
			mainGroup = 04281BD1285C2BF400301749;
			productRefGroup = 04281BDB285C2BF400301749 /* Products */;
			projectDirPath = "";
			projectRoot = "";
			targets = (
				04281BD9285C2BF400301749 /* 2.DemoShadow */,
				04281BEF285C2BF900301749 /* 2.DemoShadowTests */,
				04281BFA285C2BF900301749 /* 2.DemoShadowUITests */,
			);
		};
/* End PBXProject section */

/* Begin PBXResourcesBuildPhase section */
		04281BD8285C2BF400301749 /* Resources */ = {
			isa = PBXResourcesBuildPhase;
			buildActionMask = 2147483647;
			files = (
				04281BEA285C2BF800301749 /* LaunchScreen.storyboard in Resources */,
				04281BE7285C2BF800301749 /* Assets.xcassets in Resources */,
				04281BE5285C2BF400301749 /* Main.storyboard in Resources */,
			);
			runOnlyForDeploymentPostprocessing = 0;
		};
		04281BEE285C2BF900301749 /* Resources */ = {
			isa = PBXResourcesBuildPhase;
			buildActionMask = 2147483647;
			files = (
			);
			runOnlyForDeploymentPostprocessing = 0;
		};
		04281BF9285C2BF900301749 /* Resources */ = {
			isa = PBXResourcesBuildPhase;
			buildActionMask = 2147483647;
			files = (
			);
			runOnlyForDeploymentPostprocessing = 0;
		};
/* End PBXResourcesBuildPhase section */

/* Begin PBXSourcesBuildPhase section */
		04281BD6285C2BF400301749 /* Sources */ = {
			isa = PBXSourcesBuildPhase;
			buildActionMask = 2147483647;
			files = (
				04281BE2285C2BF400301749 /* ViewController.swift in Sources */,
				04281BDE285C2BF400301749 /* AppDelegate.swift in Sources */,
				04281BE0285C2BF400301749 /* SceneDelegate.swift in Sources */,
			);
			runOnlyForDeploymentPostprocessing = 0;
		};
		04281BEC285C2BF900301749 /* Sources */ = {
			isa = PBXSourcesBuildPhase;
			buildActionMask = 2147483647;
			files = (
				04281BF5285C2BF900301749 /* __DemoShadowTests.swift in Sources */,
			);
			runOnlyForDeploymentPostprocessing = 0;
		};
		04281BF7285C2BF900301749 /* Sources */ = {
			isa = PBXSourcesBuildPhase;
			buildActionMask = 2147483647;
			files = (
				04281C00285C2BF900301749 /* __DemoShadowUITests.swift in Sources */,
			);
			runOnlyForDeploymentPostprocessing = 0;
		};
/* End PBXSourcesBuildPhase section */

/* Begin PBXTargetDependency section */
		04281BF2285C2BF900301749 /* PBXTargetDependency */ = {
			isa = PBXTargetDependency;
			target = 04281BD9285C2BF400301749 /* 2.DemoShadow */;
			targetProxy = 04281BF1285C2BF900301749 /* PBXContainerItemProxy */;
		};
		04281BFD285C2BF900301749 /* PBXTargetDependency */ = {
			isa = PBXTargetDependency;
			target = 04281BD9285C2BF400301749 /* 2.DemoShadow */;
			targetProxy = 04281BFC285C2BF900301749 /* PBXContainerItemProxy */;
		};
/* End PBXTargetDependency section */

/* Begin PBXVariantGroup section */
		04281BE3285C2BF400301749 /* Main.storyboard */ = {
			isa = PBXVariantGroup;
			children = (
				04281BE4285C2BF400301749 /* Base */,
			);
			name = Main.storyboard;
			sourceTree = "<group>";
		};
		04281BE8285C2BF800301749 /* LaunchScreen.storyboard */ = {
			isa = PBXVariantGroup;
			children = (
				04281BE9285C2BF800301749 /* Base */,
			);
			name = LaunchScreen.storyboard;
			sourceTree = "<group>";
		};
/* End PBXVariantGroup section */

/* Begin XCBuildConfiguration section */
		04281C02285C2BF900301749 /* Debug */ = {
			isa = XCBuildConfiguration;
			buildSettings = {
				ALWAYS_SEARCH_USER_PATHS = NO;
				CLANG_ANALYZER_NONNULL = YES;
				CLANG_ANALYZER_NUMBER_OBJECT_CONVERSION = YES_AGGRESSIVE;
				CLANG_CXX_LANGUAGE_STANDARD = "gnu++14";
				CLANG_CXX_LIBRARY = "libc++";
				CLANG_ENABLE_MODULES = YES;
				CLANG_ENABLE_OBJC_ARC = YES;
				CLANG_ENABLE_OBJC_WEAK = YES;
				CLANG_WARN_BLOCK_CAPTURE_AUTORELEASING = YES;
				CLANG_WARN_BOOL_CONVERSION = YES;
				CLANG_WARN_COMMA = YES;
				CLANG_WARN_CONSTANT_CONVERSION = YES;
				CLANG_WARN_DEPRECATED_OBJC_IMPLEMENTATIONS = YES;
				CLANG_WARN_DIRECT_OBJC_ISA_USAGE = YES_ERROR;
				CLANG_WARN_DOCUMENTATION_COMMENTS = YES;
				CLANG_WARN_EMPTY_BODY = YES;
				CLANG_WARN_ENUM_CONVERSION = YES;
				CLANG_WARN_INFINITE_RECURSION = YES;
				CLANG_WARN_INT_CONVERSION = YES;
				CLANG_WARN_NON_LITERAL_NULL_CONVERSION = YES;
				CLANG_WARN_OBJC_IMPLICIT_RETAIN_SELF = YES;
				CLANG_WARN_OBJC_LITERAL_CONVERSION = YES;
				CLANG_WARN_OBJC_ROOT_CLASS = YES_ERROR;
				CLANG_WARN_QUOTED_INCLUDE_IN_FRAMEWORK_HEADER = YES;
				CLANG_WARN_RANGE_LOOP_ANALYSIS = YES;
				CLANG_WARN_STRICT_PROTOTYPES = YES;
				CLANG_WARN_SUSPICIOUS_MOVE = YES;
				CLANG_WARN_UNGUARDED_AVAILABILITY = YES_AGGRESSIVE;
				CLANG_WARN_UNREACHABLE_CODE = YES;
				CLANG_WARN__DUPLICATE_METHOD_MATCH = YES;
				COPY_PHASE_STRIP = NO;
				DEBUG_INFORMATION_FORMAT = dwarf;
				ENABLE_STRICT_OBJC_MSGSEND = YES;
				ENABLE_TESTABILITY = YES;
				GCC_C_LANGUAGE_STANDARD = gnu11;
				GCC_DYNAMIC_NO_PIC = NO;
				GCC_NO_COMMON_BLOCKS = YES;
				GCC_OPTIMIZATION_LEVEL = 0;
				GCC_PREPROCESSOR_DEFINITIONS = (
					"DEBUG=1",
					"$(inherited)",
				);
				GCC_WARN_64_TO_32_BIT_CONVERSION = YES;
				GCC_WARN_ABOUT_RETURN_TYPE = YES_ERROR;
				GCC_WARN_UNDECLARED_SELECTOR = YES;
				GCC_WARN_UNINITIALIZED_AUTOS = YES_AGGRESSIVE;
				GCC_WARN_UNUSED_FUNCTION = YES;
				GCC_WARN_UNUSED_VARIABLE = YES;
				IPHONEOS_DEPLOYMENT_TARGET = 14.4;
				MTL_ENABLE_DEBUG_INFO = INCLUDE_SOURCE;
				MTL_FAST_MATH = YES;
				ONLY_ACTIVE_ARCH = YES;
				SDKROOT = iphoneos;
				SWIFT_ACTIVE_COMPILATION_CONDITIONS = DEBUG;
				SWIFT_OPTIMIZATION_LEVEL = "-Onone";
			};
			name = Debug;
		};
		04281C03285C2BF900301749 /* Release */ = {
			isa = XCBuildConfiguration;
			buildSettings = {
				ALWAYS_SEARCH_USER_PATHS = NO;
				CLANG_ANALYZER_NONNULL = YES;
				CLANG_ANALYZER_NUMBER_OBJECT_CONVERSION = YES_AGGRESSIVE;
				CLANG_CXX_LANGUAGE_STANDARD = "gnu++14";
				CLANG_CXX_LIBRARY = "libc++";
				CLANG_ENABLE_MODULES = YES;
				CLANG_ENABLE_OBJC_ARC = YES;
				CLANG_ENABLE_OBJC_WEAK = YES;
				CLANG_WARN_BLOCK_CAPTURE_AUTORELEASING = YES;
				CLANG_WARN_BOOL_CONVERSION = YES;
				CLANG_WARN_COMMA = YES;
				CLANG_WARN_CONSTANT_CONVERSION = YES;
				CLANG_WARN_DEPRECATED_OBJC_IMPLEMENTATIONS = YES;
				CLANG_WARN_DIRECT_OBJC_ISA_USAGE = YES_ERROR;
				CLANG_WARN_DOCUMENTATION_COMMENTS = YES;
				CLANG_WARN_EMPTY_BODY = YES;
				CLANG_WARN_ENUM_CONVERSION = YES;
				CLANG_WARN_INFINITE_RECURSION = YES;
				CLANG_WARN_INT_CONVERSION = YES;
				CLANG_WARN_NON_LITERAL_NULL_CONVERSION = YES;
				CLANG_WARN_OBJC_IMPLICIT_RETAIN_SELF = YES;
				CLANG_WARN_OBJC_LITERAL_CONVERSION = YES;
				CLANG_WARN_OBJC_ROOT_CLASS = YES_ERROR;
				CLANG_WARN_QUOTED_INCLUDE_IN_FRAMEWORK_HEADER = YES;
				CLANG_WARN_RANGE_LOOP_ANALYSIS = YES;
				CLANG_WARN_STRICT_PROTOTYPES = YES;
				CLANG_WARN_SUSPICIOUS_MOVE = YES;
				CLANG_WARN_UNGUARDED_AVAILABILITY = YES_AGGRESSIVE;
				CLANG_WARN_UNREACHABLE_CODE = YES;
				CLANG_WARN__DUPLICATE_METHOD_MATCH = YES;
				COPY_PHASE_STRIP = NO;
				DEBUG_INFORMATION_FORMAT = "dwarf-with-dsym";
				ENABLE_NS_ASSERTIONS = NO;
				ENABLE_STRICT_OBJC_MSGSEND = YES;
				GCC_C_LANGUAGE_STANDARD = gnu11;
				GCC_NO_COMMON_BLOCKS = YES;
				GCC_WARN_64_TO_32_BIT_CONVERSION = YES;
				GCC_WARN_ABOUT_RETURN_TYPE = YES_ERROR;
				GCC_WARN_UNDECLARED_SELECTOR = YES;
				GCC_WARN_UNINITIALIZED_AUTOS = YES_AGGRESSIVE;
				GCC_WARN_UNUSED_FUNCTION = YES;
				GCC_WARN_UNUSED_VARIABLE = YES;
				IPHONEOS_DEPLOYMENT_TARGET = 14.4;
				MTL_ENABLE_DEBUG_INFO = NO;
				MTL_FAST_MATH = YES;
				SDKROOT = iphoneos;
				SWIFT_COMPILATION_MODE = wholemodule;
				SWIFT_OPTIMIZATION_LEVEL = "-O";
				VALIDATE_PRODUCT = YES;
			};
			name = Release;
		};
		04281C05285C2BF900301749 /* Debug */ = {
			isa = XCBuildConfiguration;
			buildSettings = {
				ASSETCATALOG_COMPILER_APPICON_NAME = AppIcon;
				ASSETCATALOG_COMPILER_GLOBAL_ACCENT_COLOR_NAME = AccentColor;
				CODE_SIGN_STYLE = Automatic;
				INFOPLIST_FILE = 2.DemoShadow/Info.plist;
				LD_RUNPATH_SEARCH_PATHS = (
					"$(inherited)",
					"@executable_path/Frameworks",
				);
				PRODUCT_BUNDLE_IDENTIFIER = "b.--DemoShadow";
				PRODUCT_NAME = "$(TARGET_NAME)";
				SWIFT_VERSION = 5.0;
				TARGETED_DEVICE_FAMILY = "1,2";
			};
			name = Debug;
		};
		04281C06285C2BF900301749 /* Release */ = {
			isa = XCBuildConfiguration;
			buildSettings = {
				ASSETCATALOG_COMPILER_APPICON_NAME = AppIcon;
				ASSETCATALOG_COMPILER_GLOBAL_ACCENT_COLOR_NAME = AccentColor;
				CODE_SIGN_STYLE = Automatic;
				INFOPLIST_FILE = 2.DemoShadow/Info.plist;
				LD_RUNPATH_SEARCH_PATHS = (
					"$(inherited)",
					"@executable_path/Frameworks",
				);
				PRODUCT_BUNDLE_IDENTIFIER = "b.--DemoShadow";
				PRODUCT_NAME = "$(TARGET_NAME)";
				SWIFT_VERSION = 5.0;
				TARGETED_DEVICE_FAMILY = "1,2";
			};
			name = Release;
		};
		04281C08285C2BF900301749 /* Debug */ = {
			isa = XCBuildConfiguration;
			buildSettings = {
				ALWAYS_EMBED_SWIFT_STANDARD_LIBRARIES = YES;
				BUNDLE_LOADER = "$(TEST_HOST)";
				CODE_SIGN_STYLE = Automatic;
				INFOPLIST_FILE = 2.DemoShadowTests/Info.plist;
				IPHONEOS_DEPLOYMENT_TARGET = 14.4;
				LD_RUNPATH_SEARCH_PATHS = (
					"$(inherited)",
					"@executable_path/Frameworks",
					"@loader_path/Frameworks",
				);
				PRODUCT_BUNDLE_IDENTIFIER = "b.--DemoShadowTests";
				PRODUCT_NAME = "$(TARGET_NAME)";
				SWIFT_VERSION = 5.0;
				TARGETED_DEVICE_FAMILY = "1,2";
				TEST_HOST = "$(BUILT_PRODUCTS_DIR)/2.DemoShadow.app/2.DemoShadow";
			};
			name = Debug;
		};
		04281C09285C2BF900301749 /* Release */ = {
			isa = XCBuildConfiguration;
			buildSettings = {
				ALWAYS_EMBED_SWIFT_STANDARD_LIBRARIES = YES;
				BUNDLE_LOADER = "$(TEST_HOST)";
				CODE_SIGN_STYLE = Automatic;
				INFOPLIST_FILE = 2.DemoShadowTests/Info.plist;
				IPHONEOS_DEPLOYMENT_TARGET = 14.4;
				LD_RUNPATH_SEARCH_PATHS = (
					"$(inherited)",
					"@executable_path/Frameworks",
					"@loader_path/Frameworks",
				);
				PRODUCT_BUNDLE_IDENTIFIER = "b.--DemoShadowTests";
				PRODUCT_NAME = "$(TARGET_NAME)";
				SWIFT_VERSION = 5.0;
				TARGETED_DEVICE_FAMILY = "1,2";
				TEST_HOST = "$(BUILT_PRODUCTS_DIR)/2.DemoShadow.app/2.DemoShadow";
			};
			name = Release;
		};
		04281C0B285C2BF900301749 /* Debug */ = {
			isa = XCBuildConfiguration;
			buildSettings = {
				ALWAYS_EMBED_SWIFT_STANDARD_LIBRARIES = YES;
				CODE_SIGN_STYLE = Automatic;
				INFOPLIST_FILE = 2.DemoShadowUITests/Info.plist;
				LD_RUNPATH_SEARCH_PATHS = (
					"$(inherited)",
					"@executable_path/Frameworks",
					"@loader_path/Frameworks",
				);
				PRODUCT_BUNDLE_IDENTIFIER = "b.--DemoShadowUITests";
				PRODUCT_NAME = "$(TARGET_NAME)";
				SWIFT_VERSION = 5.0;
				TARGETED_DEVICE_FAMILY = "1,2";
				TEST_TARGET_NAME = 2.DemoShadow;
			};
			name = Debug;
		};
		04281C0C285C2BF900301749 /* Release */ = {
			isa = XCBuildConfiguration;
			buildSettings = {
				ALWAYS_EMBED_SWIFT_STANDARD_LIBRARIES = YES;
				CODE_SIGN_STYLE = Automatic;
				INFOPLIST_FILE = 2.DemoShadowUITests/Info.plist;
				LD_RUNPATH_SEARCH_PATHS = (
					"$(inherited)",
					"@executable_path/Frameworks",
					"@loader_path/Frameworks",
				);
				PRODUCT_BUNDLE_IDENTIFIER = "b.--DemoShadowUITests";
				PRODUCT_NAME = "$(TARGET_NAME)";
				SWIFT_VERSION = 5.0;
				TARGETED_DEVICE_FAMILY = "1,2";
				TEST_TARGET_NAME = 2.DemoShadow;
			};
			name = Release;
		};
/* End XCBuildConfiguration section */

/* Begin XCConfigurationList section */
		04281BD5285C2BF400301749 /* Build configuration list for PBXProject "2.DemoShadow" */ = {
			isa = XCConfigurationList;
			buildConfigurations = (
				04281C02285C2BF900301749 /* Debug */,
				04281C03285C2BF900301749 /* Release */,
			);
			defaultConfigurationIsVisible = 0;
			defaultConfigurationName = Release;
		};
		04281C04285C2BF900301749 /* Build configuration list for PBXNativeTarget "2.DemoShadow" */ = {
			isa = XCConfigurationList;
			buildConfigurations = (
				04281C05285C2BF900301749 /* Debug */,
				04281C06285C2BF900301749 /* Release */,
			);
			defaultConfigurationIsVisible = 0;
			defaultConfigurationName = Release;
		};
		04281C07285C2BF900301749 /* Build configuration list for PBXNativeTarget "2.DemoShadowTests" */ = {
			isa = XCConfigurationList;
			buildConfigurations = (
				04281C08285C2BF900301749 /* Debug */,
				04281C09285C2BF900301749 /* Release */,
			);
			defaultConfigurationIsVisible = 0;
			defaultConfigurationName = Release;
		};
		04281C0A285C2BF900301749 /* Build configuration list for PBXNativeTarget "2.DemoShadowUITests" */ = {
			isa = XCConfigurationList;
			buildConfigurations = (
				04281C0B285C2BF900301749 /* Debug */,
				04281C0C285C2BF900301749 /* Release */,
			);
			defaultConfigurationIsVisible = 0;
			defaultConfigurationName = Release;
		};
/* End XCConfigurationList section */
	};
	rootObject = 04281BD2285C2BF400301749 /* Project object */;
}
